
Microsoft Visual Studio Solution File, Format Version 12.00
# Visual Studio Version 16
VisualStudioVersion = 16.0.30717.126
MinimumVisualStudioVersion = 10.0.40219.1
Project("{FAE04EC0-301F-11D3-BF4B-00C04F79EFBC}") = "MunkaIdo", "MunkaIdo\MunkaIdo.csproj", "{816AB51B-4E76-46F7-9CE8-443A355015E2}"
EndProject
Global
	GlobalSection(SolutionConfigurationPlatforms) = preSolution
		Debug|Any CPU = Debug|Any CPU
		Release|Any CPU = Release|Any CPU
	EndGlobalSection
	GlobalSection(ProjectConfigurationPlatforms) = postSolution
		{816AB51B-4E76-46F7-9CE8-443A355015E2}.Debug|Any CPU.ActiveCfg = Debug|Any CPU
		{816AB51B-4E76-46F7-9CE8-443A355015E2}.Debug|Any CPU.Build.0 = Debug|Any CPU
		{816AB51B-4E76-46F7-9CE8-443A355015E2}.Release|Any CPU.ActiveCfg = Release|Any CPU
		{816AB51B-4E76-46F7-9CE8-443A355015E2}.Release|Any CPU.Build.0 = Release|Any CPU
	EndGlobalSection
	GlobalSection(SolutionProperties) = preSolution
		HideSolutionNode = FALSE
	EndGlobalSection
	GlobalSection(ExtensibilityGlobals) = postSolution
		SolutionGuid = {1C06DE68-73F0-4852-90E3-B2250899C451}
	EndGlobalSection
EndGlobal
